// !$*UTF8*$!
{
	archiveVersion = 1;
	classes = {
	};
	objectVersion = 50;
	objects = {

/* Begin PBXBuildFile section */
		9B3EEBAF2374A49F00C31AFF /* AppDelegate.swift in Sources */ = {isa = PBXBuildFile; fileRef = 9B3EEBAE2374A49F00C31AFF /* AppDelegate.swift */; };
		9B3EEBB12374A49F00C31AFF /* SceneDelegate.swift in Sources */ = {isa = PBXBuildFile; fileRef = 9B3EEBB02374A49F00C31AFF /* SceneDelegate.swift */; };
		9B3EEBB32374A49F00C31AFF /* ViewController.swift in Sources */ = {isa = PBXBuildFile; fileRef = 9B3EEBB22374A49F00C31AFF /* ViewController.swift */; };
		9B3EEBB62374A49F00C31AFF /* Main.storyboard in Resources */ = {isa = PBXBuildFile; fileRef = 9B3EEBB42374A49F00C31AFF /* Main.storyboard */; };
		9B3EEBB82374A49F00C31AFF /* Assets.xcassets in Resources */ = {isa = PBXBuildFile; fileRef = 9B3EEBB72374A49F00C31AFF /* Assets.xcassets */; };
		9B3EEBBB2374A49F00C31AFF /* LaunchScreen.storyboard in Resources */ = {isa = PBXBuildFile; fileRef = 9B3EEBB92374A49F00C31AFF /* LaunchScreen.storyboard */; };
/* End PBXBuildFile section */

/* Begin PBXFileReference section */
		9B3EEBAB2374A49F00C31AFF /* Parth_C0766346_Note_p1.app */ = {isa = PBXFileReference; explicitFileType = wrapper.application; includeInIndex = 0; path = Parth_C0766346_Note_p1.app; sourceTree = BUILT_PRODUCTS_DIR; };
		9B3EEBAE2374A49F00C31AFF /* AppDelegate.swift */ = {isa = PBXFileReference; lastKnownFileType = sourcecode.swift; path = AppDelegate.swift; sourceTree = "<group>"; };
		9B3EEBB02374A49F00C31AFF /* SceneDelegate.swift */ = {isa = PBXFileReference; lastKnownFileType = sourcecode.swift; path = SceneDelegate.swift; sourceTree = "<group>"; };
		9B3EEBB22374A49F00C31AFF /* ViewController.swift */ = {isa = PBXFileReference; lastKnownFileType = sourcecode.swift; path = ViewController.swift; sourceTree = "<group>"; };
		9B3EEBB52374A49F00C31AFF /* Base */ = {isa = PBXFileReference; lastKnownFileType = file.storyboard; name = Base; path = Base.lproj/Main.storyboard; sourceTree = "<group>"; };
		9B3EEBB72374A49F00C31AFF /* Assets.xcassets */ = {isa = PBXFileReference; lastKnownFileType = folder.assetcatalog; path = Assets.xcassets; sourceTree = "<group>"; };
		9B3EEBBA2374A49F00C31AFF /* Base */ = {isa = PBXFileReference; lastKnownFileType = file.storyboard; name = Base; path = Base.lproj/LaunchScreen.storyboard; sourceTree = "<group>"; };
		9B3EEBBC2374A49F00C31AFF /* Info.plist */ = {isa = PBXFileReference; lastKnownFileType = text.plist.xml; path = Info.plist; sourceTree = "<group>"; };
/* End PBXFileReference section */

/* Begin PBXFrameworksBuildPhase section */
		9B3EEBA82374A49F00C31AFF /* Frameworks */ = {
			isa = PBXFrameworksBuildPhase;
			buildActionMask = 2147483647;
			files = (
			);
			runOnlyForDeploymentPostprocessing = 0;
		};
/* End PBXFrameworksBuildPhase section */

/* Begin PBXGroup section */
		9B3EEBA22374A49E00C31AFF = {
			isa = PBXGroup;
			children = (
				9B3EEBAD2374A49F00C31AFF /* Parth_C0766346_Note_p1 */,
				9B3EEBAC2374A49F00C31AFF /* Products */,
			);
			sourceTree = "<group>";
		};
		9B3EEBAC2374A49F00C31AFF /* Products */ = {
			isa = PBXGroup;
			children = (
				9B3EEBAB2374A49F00C31AFF /* Parth_C0766346_Note_p1.app */,
			);
			name = Products;
			sourceTree = "<group>";
		};
		9B3EEBAD2374A49F00C31AFF /* Parth_C0766346_Note_p1 */ = {
			isa = PBXGroup;
			children = (
				9B3EEBAE2374A49F00C31AFF /* AppDelegate.swift */,
				9B3EEBB02374A49F00C31AFF /* SceneDelegate.swift */,
				9B3EEBB22374A49F00C31AFF /* ViewController.swift */,
				9B3EEBB42374A49F00C31AFF /* Main.storyboard */,
				9B3EEBB72374A49F00C31AFF /* Assets.xcassets */,
				9B3EEBB92374A49F00C31AFF /* LaunchScreen.storyboard */,
				9B3EEBBC2374A49F00C31AFF /* Info.plist */,
			);
			path = Parth_C0766346_Note_p1;
			sourceTree = "<group>";
		};
/* End PBXGroup section */

/* Begin PBXNativeTarget section */
		9B3EEBAA2374A49F00C31AFF /* Parth_C0766346_Note_p1 */ = {
			isa = PBXNativeTarget;
			buildConfigurationList = 9B3EEBBF2374A49F00C31AFF /* Build configuration list for PBXNativeTarget "Parth_C0766346_Note_p1" */;
			buildPhases = (
				9B3EEBA72374A49F00C31AFF /* Sources */,
				9B3EEBA82374A49F00C31AFF /* Frameworks */,
				9B3EEBA92374A49F00C31AFF /* Resources */,
			);
			buildRules = (
			);
			dependencies = (
			);
			name = Parth_C0766346_Note_p1;
			productName = Parth_C0766346_Note_p1;
			productReference = 9B3EEBAB2374A49F00C31AFF /* Parth_C0766346_Note_p1.app */;
			productType = "com.apple.product-type.application";
		};
/* End PBXNativeTarget section */

/* Begin PBXProject section */
		9B3EEBA32374A49E00C31AFF /* Project object */ = {
			isa = PBXProject;
			attributes = {
				LastSwiftUpdateCheck = 1120;
				LastUpgradeCheck = 1120;
				ORGANIZATIONNAME = MacStudent;
				TargetAttributes = {
					9B3EEBAA2374A49F00C31AFF = {
						CreatedOnToolsVersion = 11.2;
					};
				};
			};
			buildConfigurationList = 9B3EEBA62374A49F00C31AFF /* Build configuration list for PBXProject "Parth_C0766346_Note_p1" */;
			compatibilityVersion = "Xcode 9.3";
			developmentRegion = en;
			hasScannedForEncodings = 0;
			knownRegions = (
				en,
				Base,
			);
			mainGroup = 9B3EEBA22374A49E00C31AFF;
			productRefGroup = 9B3EEBAC2374A49F00C31AFF /* Products */;
			projectDirPath = "";
			projectRoot = "";
			targets = (
				9B3EEBAA2374A49F00C31AFF /* Parth_C0766346_Note_p1 */,
			);
		};
/* End PBXProject section */

/* Begin PBXResourcesBuildPhase section */
		9B3EEBA92374A49F00C31AFF /* Resources */ = {
			isa = PBXResourcesBuildPhase;
			buildActionMask = 2147483647;
			files = (
				9B3EEBBB2374A49F00C31AFF /* LaunchScreen.storyboard in Resources */,
				9B3EEBB82374A49F00C31AFF /* Assets.xcassets in Resources */,
				9B3EEBB62374A49F00C31AFF /* Main.storyboard in Resources */,
			);
			runOnlyForDeploymentPostprocessing = 0;
		};
/* End PBXResourcesBuildPhase section */

/* Begin PBXSourcesBuildPhase section */
		9B3EEBA72374A49F00C31AFF /* Sources */ = {
			isa = PBXSourcesBuildPhase;
			buildActionMask = 2147483647;
			files = (
				9B3EEBB32374A49F00C31AFF /* ViewController.swift in Sources */,
				9B3EEBAF2374A49F00C31AFF /* AppDelegate.swift in Sources */,
				9B3EEBB12374A49F00C31AFF /* SceneDelegate.swift in Sources */,
			);
			runOnlyForDeploymentPostprocessing = 0;
		};
/* End PBXSourcesBuildPhase section */

/* Begin PBXVariantGroup section */
		9B3EEBB42374A49F00C31AFF /* Main.storyboard */ = {
			isa = PBXVariantGroup;
			children = (
				9B3EEBB52374A49F00C31AFF /* Base */,
			);
			name = Main.storyboard;
			sourceTree = "<group>";
		};
		9B3EEBB92374A49F00C31AFF /* LaunchScreen.storyboard */ = {
			isa = PBXVariantGroup;
			children = (
				9B3EEBBA2374A49F00C31AFF /* Base */,
			);
			name = LaunchScreen.storyboard;
			sourceTree = "<group>";
		};
/* End PBXVariantGroup section */

/* Begin XCBuildConfiguration section */
		9B3EEBBD2374A49F00C31AFF /* Debug */ = {
			isa = XCBuildConfiguration;
			buildSettings = {
				ALWAYS_SEARCH_USER_PATHS = NO;
				CLANG_ANALYZER_NONNULL = YES;
				CLANG_ANALYZER_NUMBER_OBJECT_CONVERSION = YES_AGGRESSIVE;
				CLANG_CXX_LANGUAGE_STANDARD = "gnu++14";
				CLANG_CXX_LIBRARY = "libc++";
				CLANG_ENABLE_MODULES = YES;
				CLANG_ENABLE_OBJC_ARC = YES;
				CLANG_ENABLE_OBJC_WEAK = YES;
				CLANG_WARN_BLOCK_CAPTURE_AUTORELEASING = YES;
				CLANG_WARN_BOOL_CONVERSION = YES;
				CLANG_WARN_COMMA = YES;
				CLANG_WARN_CONSTANT_CONVERSION = YES;
				CLANG_WARN_DEPRECATED_OBJC_IMPLEMENTATIONS = YES;
				CLANG_WARN_DIRECT_OBJC_ISA_USAGE = YES_ERROR;
				CLANG_WARN_DOCUMENTATION_COMMENTS = YES;
				CLANG_WARN_EMPTY_BODY = YES;
				CLANG_WARN_ENUM_CONVERSION = YES;
				CLANG_WARN_INFINITE_RECURSION = YES;
				CLANG_WARN_INT_CONVERSION = YES;
				CLANG_WARN_NON_LITERAL_NULL_CONVERSION = YES;
				CLANG_WARN_OBJC_IMPLICIT_RETAIN_SELF = YES;
				CLANG_WARN_OBJC_LITERAL_CONVERSION = YES;
				CLANG_WARN_OBJC_ROOT_CLASS = YES_ERROR;
				CLANG_WARN_RANGE_LOOP_ANALYSIS = YES;
				CLANG_WARN_STRICT_PROTOTYPES = YES;
				CLANG_WARN_SUSPICIOUS_MOVE = YES;
				CLANG_WARN_UNGUARDED_AVAILABILITY = YES_AGGRESSIVE;
				CLANG_WARN_UNREACHABLE_CODE = YES;
				CLANG_WARN__DUPLICATE_METHOD_MATCH = YES;
				COPY_PHASE_STRIP = NO;
				DEBUG_INFORMATION_FORMAT = dwarf;
				ENABLE_STRICT_OBJC_MSGSEND = YES;
				ENABLE_TESTABILITY = YES;
				GCC_C_LANGUAGE_STANDARD = gnu11;
				GCC_DYNAMIC_NO_PIC = NO;
				GCC_NO_COMMON_BLOCKS = YES;
				GCC_OPTIMIZATION_LEVEL = 0;
				GCC_PREPROCESSOR_DEFINITIONS = (
					"DEBUG=1",
					"$(inherited)",
				);
				GCC_WARN_64_TO_32_BIT_CONVERSION = YES;
				GCC_WARN_ABOUT_RETURN_TYPE = YES_ERROR;
				GCC_WARN_UNDECLARED_SELECTOR = YES;
				GCC_WARN_UNINITIALIZED_AUTOS = YES_AGGRESSIVE;
				GCC_WARN_UNUSED_FUNCTION = YES;
				GCC_WARN_UNUSED_VARIABLE = YES;
				IPHONEOS_DEPLOYMENT_TARGET = 13.2;
				MTL_ENABLE_DEBUG_INFO = INCLUDE_SOURCE;
				MTL_FAST_MATH = YES;
				ONLY_ACTIVE_ARCH = YES;
				SDKROOT = iphoneos;
				SWIFT_ACTIVE_COMPILATION_CONDITIONS = DEBUG;
				SWIFT_OPTIMIZATION_LEVEL = "-Onone";
			};
			name = Debug;
		};
		9B3EEBBE2374A49F00C31AFF /* Release */ = {
			isa = XCBuildConfiguration;
			buildSettings = {
				ALWAYS_SEARCH_USER_PATHS = NO;
				CLANG_ANALYZER_NONNULL = YES;
				CLANG_ANALYZER_NUMBER_OBJECT_CONVERSION = YES_AGGRESSIVE;
				CLANG_CXX_LANGUAGE_STANDARD = "gnu++14";
				CLANG_CXX_LIBRARY = "libc++";
				CLANG_ENABLE_MODULES = YES;
				CLANG_ENABLE_OBJC_ARC = YES;
				CLANG_ENABLE_OBJC_WEAK = YES;
				CLANG_WARN_BLOCK_CAPTURE_AUTORELEASING = YES;
				CLANG_WARN_BOOL_CONVERSION = YES;
				CLANG_WARN_COMMA = YES;
				CLANG_WARN_CONSTANT_CONVERSION = YES;
				CLANG_WARN_DEPRECATED_OBJC_IMPLEMENTATIONS = YES;
				CLANG_WARN_DIRECT_OBJC_ISA_USAGE = YES_ERROR;
				CLANG_WARN_DOCUMENTATION_COMMENTS = YES;
				CLANG_WARN_EMPTY_BODY = YES;
				CLANG_WARN_ENUM_CONVERSION = YES;
				CLANG_WARN_INFINITE_RECURSION = YES;
				CLANG_WARN_INT_CONVERSION = YES;
				CLANG_WARN_NON_LITERAL_NULL_CONVERSION = YES;
				CLANG_WARN_OBJC_IMPLICIT_RETAIN_SELF = YES;
				CLANG_WARN_OBJC_LITERAL_CONVERSION = YES;
				CLANG_WARN_OBJC_ROOT_CLASS = YES_ERROR;
				CLANG_WARN_RANGE_LOOP_ANALYSIS = YES;
				CLANG_WARN_STRICT_PROTOTYPES = YES;
				CLANG_WARN_SUSPICIOUS_MOVE = YES;
				CLANG_WARN_UNGUARDED_AVAILABILITY = YES_AGGRESSIVE;
				CLANG_WARN_UNREACHABLE_CODE = YES;
				CLANG_WARN__DUPLICATE_METHOD_MATCH = YES;
				COPY_PHASE_STRIP = NO;
				DEBUG_INFORMATION_FORMAT = "dwarf-with-dsym";
				ENABLE_NS_ASSERTIONS = NO;
				ENABLE_STRICT_OBJC_MSGSEND = YES;
				GCC_C_LANGUAGE_STANDARD = gnu11;
				GCC_NO_COMMON_BLOCKS = YES;
				GCC_WARN_64_TO_32_BIT_CONVERSION = YES;
				GCC_WARN_ABOUT_RETURN_TYPE = YES_ERROR;
				GCC_WARN_UNDECLARED_SELECTOR = YES;
				GCC_WARN_UNINITIALIZED_AUTOS = YES_AGGRESSIVE;
				GCC_WARN_UNUSED_FUNCTION = YES;
				GCC_WARN_UNUSED_VARIABLE = YES;
				IPHONEOS_DEPLOYMENT_TARGET = 13.2;
				MTL_ENABLE_DEBUG_INFO = NO;
				MTL_FAST_MATH = YES;
				SDKROOT = iphoneos;
				SWIFT_COMPILATION_MODE = wholemodule;
				SWIFT_OPTIMIZATION_LEVEL = "-O";
				VALIDATE_PRODUCT = YES;
			};
			name = Release;
		};
		9B3EEBC02374A49F00C31AFF /* Debug */ = {
			isa = XCBuildConfiguration;
			buildSettings = {
				ASSETCATALOG_COMPILER_APPICON_NAME = AppIcon;
				CODE_SIGN_STYLE = Automatic;
				INFOPLIST_FILE = Parth_C0766346_Note_p1/Info.plist;
				LD_RUNPATH_SEARCH_PATHS = (
					"$(inherited)",
					"@executable_path/Frameworks",
				);
				PRODUCT_BUNDLE_IDENTIFIER = "CestarCollege.Parth-C0766346-Note-p1";
				PRODUCT_NAME = "$(TARGET_NAME)";
				SWIFT_VERSION = 5.0;
				TARGETED_DEVICE_FAMILY = "1,2";
			};
			name = Debug;
		};
		9B3EEBC12374A49F00C31AFF /* Release */ = {
			isa = XCBuildConfiguration;
			buildSettings = {
				ASSETCATALOG_COMPILER_APPICON_NAME = AppIcon;
				CODE_SIGN_STYLE = Automatic;
				INFOPLIST_FILE = Parth_C0766346_Note_p1/Info.plist;
				LD_RUNPATH_SEARCH_PATHS = (
					"$(inherited)",
					"@executable_path/Frameworks",
				);
				PRODUCT_BUNDLE_IDENTIFIER = "CestarCollege.Parth-C0766346-Note-p1";
				PRODUCT_NAME = "$(TARGET_NAME)";
				SWIFT_VERSION = 5.0;
				TARGETED_DEVICE_FAMILY = "1,2";
			};
			name = Release;
		};
/* End XCBuildConfiguration section */

/* Begin XCConfigurationList section */
		9B3EEBA62374A49F00C31AFF /* Build configuration list for PBXProject "Parth_C0766346_Note_p1" */ = {
			isa = XCConfigurationList;
			buildConfigurations = (
				9B3EEBBD2374A49F00C31AFF /* Debug */,
				9B3EEBBE2374A49F00C31AFF /* Release */,
			);
			defaultConfigurationIsVisible = 0;
			defaultConfigurationName = Release;
		};
		9B3EEBBF2374A49F00C31AFF /* Build configuration list for PBXNativeTarget "Parth_C0766346_Note_p1" */ = {
			isa = XCConfigurationList;
			buildConfigurations = (
				9B3EEBC02374A49F00C31AFF /* Debug */,
				9B3EEBC12374A49F00C31AFF /* Release */,
			);
			defaultConfigurationIsVisible = 0;
			defaultConfigurationName = Release;
		};
/* End XCConfigurationList section */
	};
	rootObject = 9B3EEBA32374A49E00C31AFF /* Project object */;
}
